
Microsoft Visual Studio Solution File, Format Version 12.00
# Visual Studio 15
VisualStudioVersion = 15.0.27130.2010
MinimumVisualStudioVersion = 10.0.40219.1
Project("{FAE04EC0-301F-11D3-BF4B-00C04F79EFBC}") = "Keylogger2", "Keylogger2\Keylogger2.csproj", "{1A75FF52-A1D0-4877-B2AC-D12D43B3003A}"
EndProject
Global
	GlobalSection(SolutionConfigurationPlatforms) = preSolution
		Debug|Any CPU = Debug|Any CPU
		Release|Any CPU = Release|Any CPU
	EndGlobalSection
	GlobalSection(ProjectConfigurationPlatforms) = postSolution
		{1A75FF52-A1D0-4877-B2AC-D12D43B3003A}.Debug|Any CPU.ActiveCfg = Debug|Any CPU
		{1A75FF52-A1D0-4877-B2AC-D12D43B3003A}.Debug|Any CPU.Build.0 = Debug|Any CPU
		{1A75FF52-A1D0-4877-B2AC-D12D43B3003A}.Release|Any CPU.ActiveCfg = Release|Any CPU
		{1A75FF52-A1D0-4877-B2AC-D12D43B3003A}.Release|Any CPU.Build.0 = Release|Any CPU
	EndGlobalSection
	GlobalSection(SolutionProperties) = preSolution
		HideSolutionNode = FALSE
	EndGlobalSection
	GlobalSection(ExtensibilityGlobals) = postSolution
		SolutionGuid = {45E34D01-3687-4A03-8F55-DB519E4E3CB7}
	EndGlobalSection
EndGlobal
